
PODS:
- BlocksKit (1.8.1)
- JRSwizzle (1.0)
- ReactiveCocoa (1.4.0):
  - ReactiveCocoa/Core (= 1.4.0)
  - ReactiveCocoa/RACExtensions (= 1.4.0)
- ReactiveCocoa/Core (1.4.0):
  - JRSwizzle (~> 1.0)
  - libextobjc/EXTConcreteProtocol (~> 0.2.5)
  - libextobjc/EXTKeyPathCoding (~> 0.2.5)
  - libextobjc/EXTScope (~> 0.2.5)
- ReactiveCocoa/RACExtensions (1.4.0):
  - ReactiveCocoa/Core
- libextobjc (0.2.5):
  - libextobjc/EXTADT (= 0.2.5)
  - libextobjc/EXTAnnotation (= 0.2.5)
  - libextobjc/EXTAspect (= 0.2.5)
  - libextobjc/EXTBlockMethod (= 0.2.5)
  - libextobjc/EXTBlockTarget (= 0.2.5)
  - libextobjc/EXTConcreteProtocol (= 0.2.5)
  - libextobjc/EXTDispatchObject (= 0.2.5)
  - libextobjc/EXTFinalMethod (= 0.2.5)
  - libextobjc/EXTKeyPathCoding (= 0.2.5)
  - libextobjc/EXTMaybe (= 0.2.5)
  - libextobjc/EXTMixin (= 0.2.5)
  - libextobjc/EXTMultiObject (= 0.2.5)
  - libextobjc/EXTMultimethod (= 0.2.5)
  - libextobjc/EXTNil (= 0.2.5)
  - libextobjc/EXTPassthrough (= 0.2.5)
  - libextobjc/EXTPrivateMethod (= 0.2.5)
  - libextobjc/EXTProtocolCategory (= 0.2.5)
  - libextobjc/EXTSafeCategory (= 0.2.5)
  - libextobjc/EXTScope (= 0.2.5)
  - libextobjc/EXTSelectorChecking (= 0.2.5)
  - libextobjc/EXTSwizzle (= 0.2.5)
  - libextobjc/EXTSynthesize (= 0.2.5)
  - libextobjc/EXTTuple (= 0.2.5)
  - libextobjc/EXTVarargs (= 0.2.5)
  - libextobjc/NSInvocation+EXT (= 0.2.5)
  - libextobjc/NSMethodSignature+EXT (= 0.2.5)
  - libextobjc/RuntimeExtensions (= 0.2.5)
  - libextobjc/UmbrellaHeader (= 0.2.5)
- libextobjc/EXTADT (0.2.5):
  - libextobjc/RuntimeExtensions
- libextobjc/EXTAnnotation (0.2.5):
  - libextobjc/RuntimeExtensions
- libextobjc/EXTAspect (0.2.5):
  - libextobjc/RuntimeExtensions
  - libffi
- libextobjc/EXTBlockMethod (0.2.5):
  - libextobjc/RuntimeExtensions
- libextobjc/EXTBlockTarget (0.2.5):
  - libextobjc/RuntimeExtensions
- libextobjc/EXTConcreteProtocol (0.2.5):
  - libextobjc/RuntimeExtensions
- libextobjc/EXTDispatchObject (0.2.5):
  - libextobjc/RuntimeExtensions
- libextobjc/EXTFinalMethod (0.2.5):
  - libextobjc/RuntimeExtensions
- libextobjc/EXTKeyPathCoding (0.2.5):
  - libextobjc/RuntimeExtensions
- libextobjc/EXTMaybe (0.2.5):
  - libextobjc/RuntimeExtensions
- libextobjc/EXTMixin (0.2.5):
  - libextobjc/RuntimeExtensions
- libextobjc/EXTMultiObject (0.2.5):
  - libextobjc/RuntimeExtensions
- libextobjc/EXTMultimethod (0.2.5):
  - libextobjc/RuntimeExtensions
- libextobjc/EXTNil (0.2.5):
  - libextobjc/RuntimeExtensions
- libextobjc/EXTPassthrough (0.2.5):
  - libextobjc/RuntimeExtensions
- libextobjc/EXTPrivateMethod (0.2.5):
  - libextobjc/RuntimeExtensions
- libextobjc/EXTProtocolCategory (0.2.5):
  - libextobjc/RuntimeExtensions
- libextobjc/EXTSafeCategory (0.2.5):
  - libextobjc/RuntimeExtensions
- libextobjc/EXTScope (0.2.5):
  - libextobjc/RuntimeExtensions
- libextobjc/EXTSelectorChecking (0.2.5):
  - libextobjc/RuntimeExtensions
- libextobjc/EXTSwizzle (0.2.5):
  - libextobjc/RuntimeExtensions
- libextobjc/EXTSynthesize (0.2.5):
  - libextobjc/RuntimeExtensions
- libextobjc/EXTTuple (0.2.5):
  - libextobjc/RuntimeExtensions
- libextobjc/EXTVarargs (0.2.5):
  - libextobjc/RuntimeExtensions
- libextobjc/NSInvocation+EXT (0.2.5):
  - libextobjc/RuntimeExtensions
- libextobjc/NSMethodSignature+EXT (0.2.5):
  - libextobjc/RuntimeExtensions
- libextobjc/RuntimeExtensions (0.2.5)
- libextobjc/UmbrellaHeader (0.2.5)
- libffi (3.0.11)

DEPENDENCIES:
- BlocksKit
- ReactiveCocoa
- libextobjc

SPEC CHECKSUMS:
  BlocksKit: 18102744fd7c44b54f1e54ce6ffe9258bcb5df81
  JRSwizzle: 6242ff38485d870fc2636899048ee1ab883ae587
  ReactiveCocoa: b375edb436250161a9328adc315fe1fecfadbb63
  ReactiveCocoa/Core: b375edb436250161a9328adc315fe1fecfadbb63
  ReactiveCocoa/RACExtensions: b375edb436250161a9328adc315fe1fecfadbb63
  libextobjc: 2cbc74caf8bdc74a86fdf24673f773c83424ea98
  libextobjc/EXTADT: 2cbc74caf8bdc74a86fdf24673f773c83424ea98
  libextobjc/EXTAnnotation: 2cbc74caf8bdc74a86fdf24673f773c83424ea98
  libextobjc/EXTAspect: 2cbc74caf8bdc74a86fdf24673f773c83424ea98
  libextobjc/EXTBlockMethod: 2cbc74caf8bdc74a86fdf24673f773c83424ea98
  libextobjc/EXTBlockTarget: 2cbc74caf8bdc74a86fdf24673f773c83424ea98
  libextobjc/EXTConcreteProtocol: 2cbc74caf8bdc74a86fdf24673f773c83424ea98
  libextobjc/EXTDispatchObject: 2cbc74caf8bdc74a86fdf24673f773c83424ea98
  libextobjc/EXTFinalMethod: 2cbc74caf8bdc74a86fdf24673f773c83424ea98
  libextobjc/EXTKeyPathCoding: 2cbc74caf8bdc74a86fdf24673f773c83424ea98
  libextobjc/EXTMaybe: 2cbc74caf8bdc74a86fdf24673f773c83424ea98
  libextobjc/EXTMixin: 2cbc74caf8bdc74a86fdf24673f773c83424ea98
  libextobjc/EXTMultiObject: 2cbc74caf8bdc74a86fdf24673f773c83424ea98
  libextobjc/EXTMultimethod: 2cbc74caf8bdc74a86fdf24673f773c83424ea98
  libextobjc/EXTNil: 2cbc74caf8bdc74a86fdf24673f773c83424ea98
  libextobjc/EXTPassthrough: 2cbc74caf8bdc74a86fdf24673f773c83424ea98
  libextobjc/EXTPrivateMethod: 2cbc74caf8bdc74a86fdf24673f773c83424ea98
  libextobjc/EXTProtocolCategory: 2cbc74caf8bdc74a86fdf24673f773c83424ea98
  libextobjc/EXTSafeCategory: 2cbc74caf8bdc74a86fdf24673f773c83424ea98
  libextobjc/EXTScope: 2cbc74caf8bdc74a86fdf24673f773c83424ea98
  libextobjc/EXTSelectorChecking: 2cbc74caf8bdc74a86fdf24673f773c83424ea98
  libextobjc/EXTSwizzle: 2cbc74caf8bdc74a86fdf24673f773c83424ea98
  libextobjc/EXTSynthesize: 2cbc74caf8bdc74a86fdf24673f773c83424ea98
  libextobjc/EXTTuple: 2cbc74caf8bdc74a86fdf24673f773c83424ea98
  libextobjc/EXTVarargs: 2cbc74caf8bdc74a86fdf24673f773c83424ea98
  libextobjc/NSInvocation+EXT: 2cbc74caf8bdc74a86fdf24673f773c83424ea98
  libextobjc/NSMethodSignature+EXT: 2cbc74caf8bdc74a86fdf24673f773c83424ea98
  libextobjc/RuntimeExtensions: 2cbc74caf8bdc74a86fdf24673f773c83424ea98
  libextobjc/UmbrellaHeader: 2cbc74caf8bdc74a86fdf24673f773c83424ea98
  libffi: 8a1d9ba43c0c84b546b42c6f742714e73aa07ae1

COCOAPODS: 0.16.4
