PODS:
  - BlocksKit (1.8.1):
    - libffi
  - FMDB (2.0):
    - FMDB/standard
  - FMDB/common (2.0)
  - FMDB/standard (2.0):
    - FMDB/common
  - JRSwizzle (1.0)
  - libextobjc (0.2.5):
    - libextobjc/EXTADT
    - libextobjc/EXTAnnotation
    - libextobjc/EXTAspect
    - libextobjc/EXTBlockMethod
    - libextobjc/EXTBlockTarget
    - libextobjc/EXTConcreteProtocol
    - libextobjc/EXTDispatchObject
    - libextobjc/EXTFinalMethod
    - libextobjc/EXTKeyPathCoding
    - libextobjc/EXTMaybe
    - libextobjc/EXTMixin
    - libextobjc/EXTMultimethod
    - libextobjc/EXTMultiObject
    - libextobjc/EXTNil
    - libextobjc/EXTPassthrough
    - libextobjc/EXTPrivateMethod
    - libextobjc/EXTProtocolCategory
    - libextobjc/EXTSafeCategory
    - libextobjc/EXTScope
    - libextobjc/EXTSelectorChecking
    - libextobjc/EXTSwizzle
    - libextobjc/EXTSynthesize
    - libextobjc/EXTTuple
    - libextobjc/EXTVarargs
    - libextobjc/NSInvocation+EXT
    - libextobjc/NSMethodSignature+EXT
    - libextobjc/RuntimeExtensions
    - libextobjc/UmbrellaHeader
  - libextobjc/EXTADT (0.2.5):
    - libextobjc/RuntimeExtensions
  - libextobjc/EXTAnnotation (0.2.5):
    - libextobjc/RuntimeExtensions
  - libextobjc/EXTAspect (0.2.5):
    - libextobjc/RuntimeExtensions
    - libffi
  - libextobjc/EXTBlockMethod (0.2.5):
    - libextobjc/RuntimeExtensions
  - libextobjc/EXTBlockTarget (0.2.5):
    - libextobjc/RuntimeExtensions
  - libextobjc/EXTConcreteProtocol (0.2.5):
    - libextobjc/RuntimeExtensions
  - libextobjc/EXTDispatchObject (0.2.5):
    - libextobjc/RuntimeExtensions
  - libextobjc/EXTFinalMethod (0.2.5):
    - libextobjc/RuntimeExtensions
  - libextobjc/EXTKeyPathCoding (0.2.5):
    - libextobjc/RuntimeExtensions
  - libextobjc/EXTMaybe (0.2.5):
    - libextobjc/RuntimeExtensions
  - libextobjc/EXTMixin (0.2.5):
    - libextobjc/RuntimeExtensions
  - libextobjc/EXTMultimethod (0.2.5):
    - libextobjc/RuntimeExtensions
  - libextobjc/EXTMultiObject (0.2.5):
    - libextobjc/RuntimeExtensions
  - libextobjc/EXTNil (0.2.5):
    - libextobjc/RuntimeExtensions
  - libextobjc/EXTPassthrough (0.2.5):
    - libextobjc/RuntimeExtensions
  - libextobjc/EXTPrivateMethod (0.2.5):
    - libextobjc/RuntimeExtensions
  - libextobjc/EXTProtocolCategory (0.2.5):
    - libextobjc/RuntimeExtensions
  - libextobjc/EXTSafeCategory (0.2.5):
    - libextobjc/RuntimeExtensions
  - libextobjc/EXTScope (0.2.5):
    - libextobjc/RuntimeExtensions
  - libextobjc/EXTSelectorChecking (0.2.5):
    - libextobjc/RuntimeExtensions
  - libextobjc/EXTSwizzle (0.2.5):
    - libextobjc/RuntimeExtensions
  - libextobjc/EXTSynthesize (0.2.5):
    - libextobjc/RuntimeExtensions
  - libextobjc/EXTTuple (0.2.5):
    - libextobjc/RuntimeExtensions
  - libextobjc/EXTVarargs (0.2.5):
    - libextobjc/RuntimeExtensions
  - libextobjc/NSInvocation+EXT (0.2.5):
    - libextobjc/RuntimeExtensions
  - libextobjc/NSMethodSignature+EXT (0.2.5):
    - libextobjc/RuntimeExtensions
  - libextobjc/RuntimeExtensions (0.2.5)
  - libextobjc/UmbrellaHeader (0.2.5)
  - libffi (3.0.11)
  - ReactiveCocoa (1.4.0):
    - ReactiveCocoa/Core
    - ReactiveCocoa/RACExtensions
  - ReactiveCocoa/Core (1.4.0):
    - JRSwizzle (~> 1.0)
    - libextobjc/EXTConcreteProtocol (~> 0.2.5)
    - libextobjc/EXTKeyPathCoding (~> 0.2.5)
    - libextobjc/EXTScope (~> 0.2.5)
  - ReactiveCocoa/RACExtensions (1.4.0):
    - ReactiveCocoa/Core
  - zipzap (5.1)

DEPENDENCIES:
  - BlocksKit
  - FMDB
  - libextobjc
  - ReactiveCocoa
  - zipzap (from `https://github.com/uasi/zipzap.git`, branch `support-osx`)

EXTERNAL SOURCES:
  zipzap:
    :branch: support-osx
    :git: https://github.com/uasi/zipzap.git

SPEC CHECKSUMS:
  BlocksKit: 18102744fd7c44b54f1e54ce6ffe9258bcb5df81
  FMDB: 30a7cbcdbd354f5ee1ba081a8773fd9130c43b48
  JRSwizzle: 6242ff38485d870fc2636899048ee1ab883ae587
  libextobjc: 2cbc74caf8bdc74a86fdf24673f773c83424ea98
  libffi: 8a1d9ba43c0c84b546b42c6f742714e73aa07ae1
  ReactiveCocoa: c74ea503b368dacc985d1b9e328872a1051be7eb
  zipzap: 2cf055aceb34521032823b0464402956f48b96aa

COCOAPODS: 0.18.1
