<?xml version="1.0" encoding="UTF-8"?>
<!DOCTYPE plist PUBLIC "-//Apple//DTD PLIST 1.0//EN" "http://www.apple.com/DTDs/PropertyList-1.0.dtd">
<plist version="1.0">
<dict>
	<key>archiveVersion</key>
	<string>1</string>
	<key>classes</key>
	<dict/>
	<key>objectVersion</key>
	<string>46</string>
	<key>objects</key>
	<dict>
		<key>0D255A44D37B47C1AD9EB543</key>
		<dict>
			<key>includeInIndex</key>
			<string>1</string>
			<key>isa</key>
			<string>PBXFileReference</string>
			<key>lastKnownFileType</key>
			<string>text.xcconfig</string>
			<key>name</key>
			<string>Pods.xcconfig</string>
			<key>path</key>
			<string>Pods/Pods.xcconfig</string>
			<key>sourceTree</key>
			<string>SOURCE_ROOT</string>
		</dict>
		<key>21877FCBDDFC4FF8843AAB13</key>
		<dict>
			<key>buildActionMask</key>
			<string>2147483647</string>
			<key>files</key>
			<array/>
			<key>inputPaths</key>
			<array/>
			<key>isa</key>
			<string>PBXShellScriptBuildPhase</string>
			<key>name</key>
			<string>Copy Pods Resources</string>
			<key>outputPaths</key>
			<array/>
			<key>runOnlyForDeploymentPostprocessing</key>
			<string>0</string>
			<key>shellPath</key>
			<string>/bin/sh</string>
			<key>shellScript</key>
			<string>"${SRCROOT}/Pods/Pods-resources.sh"
</string>
			<key>showEnvVarsInLog</key>
			<string>1</string>
		</dict>
		<key>58C380F61705BBE9001FF665</key>
		<dict>
			<key>children</key>
			<array>
				<string>58C381081705BBE9001FF665</string>
				<string>58C381281705BBE9001FF665</string>
				<string>58C381011705BBE9001FF665</string>
				<string>58C381001705BBE9001FF665</string>
				<string>0D255A44D37B47C1AD9EB543</string>
			</array>
			<key>isa</key>
			<string>PBXGroup</string>
			<key>sourceTree</key>
			<string>&lt;group&gt;</string>
		</dict>
		<key>58C380F71705BBE9001FF665</key>
		<dict>
			<key>attributes</key>
			<dict>
				<key>LastUpgradeCheck</key>
				<string>0460</string>
				<key>ORGANIZATIONNAME</key>
				<string>exsen.org</string>
			</dict>
			<key>buildConfigurationList</key>
			<string>58C380FA1705BBE9001FF665</string>
			<key>compatibilityVersion</key>
			<string>Xcode 3.2</string>
			<key>developmentRegion</key>
			<string>English</string>
			<key>hasScannedForEncodings</key>
			<string>0</string>
			<key>isa</key>
			<string>PBXProject</string>
			<key>knownRegions</key>
			<array>
				<string>en</string>
			</array>
			<key>mainGroup</key>
			<string>58C380F61705BBE9001FF665</string>
			<key>productRefGroup</key>
			<string>58C381001705BBE9001FF665</string>
			<key>projectDirPath</key>
			<string></string>
			<key>projectReferences</key>
			<array/>
			<key>projectRoot</key>
			<string></string>
			<key>targets</key>
			<array>
				<string>58C380FE1705BBE9001FF665</string>
				<string>58C381211705BBE9001FF665</string>
			</array>
		</dict>
		<key>58C380FA1705BBE9001FF665</key>
		<dict>
			<key>buildConfigurations</key>
			<array>
				<string>58C381311705BBE9001FF665</string>
				<string>58C381321705BBE9001FF665</string>
			</array>
			<key>defaultConfigurationIsVisible</key>
			<string>0</string>
			<key>defaultConfigurationName</key>
			<string>Release</string>
			<key>isa</key>
			<string>XCConfigurationList</string>
		</dict>
		<key>58C380FB1705BBE9001FF665</key>
		<dict>
			<key>buildActionMask</key>
			<string>2147483647</string>
			<key>files</key>
			<array>
				<string>58C3810F1705BBE9001FF665</string>
				<string>58C381161705BBE9001FF665</string>
			</array>
			<key>isa</key>
			<string>PBXSourcesBuildPhase</string>
			<key>runOnlyForDeploymentPostprocessing</key>
			<string>0</string>
		</dict>
		<key>58C380FC1705BBE9001FF665</key>
		<dict>
			<key>buildActionMask</key>
			<string>2147483647</string>
			<key>files</key>
			<array>
				<string>58C381031705BBE9001FF665</string>
				<string>B4555F2754AD441394AF843F</string>
			</array>
			<key>isa</key>
			<string>PBXFrameworksBuildPhase</string>
			<key>runOnlyForDeploymentPostprocessing</key>
			<string>0</string>
		</dict>
		<key>58C380FD1705BBE9001FF665</key>
		<dict>
			<key>buildActionMask</key>
			<string>2147483647</string>
			<key>files</key>
			<array>
				<string>58C3810D1705BBE9001FF665</string>
				<string>58C381131705BBE9001FF665</string>
				<string>58C381191705BBE9001FF665</string>
				<string>58C3811C1705BBE9001FF665</string>
			</array>
			<key>isa</key>
			<string>PBXResourcesBuildPhase</string>
			<key>runOnlyForDeploymentPostprocessing</key>
			<string>0</string>
		</dict>
		<key>58C380FE1705BBE9001FF665</key>
		<dict>
			<key>buildConfigurationList</key>
			<string>58C381331705BBE9001FF665</string>
			<key>buildPhases</key>
			<array>
				<string>58C380FB1705BBE9001FF665</string>
				<string>58C380FC1705BBE9001FF665</string>
				<string>58C380FD1705BBE9001FF665</string>
				<string>21877FCBDDFC4FF8843AAB13</string>
			</array>
			<key>buildRules</key>
			<array/>
			<key>dependencies</key>
			<array/>
			<key>isa</key>
			<string>PBXNativeTarget</string>
			<key>name</key>
			<string>Ket</string>
			<key>productName</key>
			<string>Ket</string>
			<key>productReference</key>
			<string>58C380FF1705BBE9001FF665</string>
			<key>productType</key>
			<string>com.apple.product-type.application</string>
		</dict>
		<key>58C380FF1705BBE9001FF665</key>
		<dict>
			<key>explicitFileType</key>
			<string>wrapper.application</string>
			<key>includeInIndex</key>
			<string>0</string>
			<key>isa</key>
			<string>PBXFileReference</string>
			<key>path</key>
			<string>Ket.app</string>
			<key>sourceTree</key>
			<string>BUILT_PRODUCTS_DIR</string>
		</dict>
		<key>58C381001705BBE9001FF665</key>
		<dict>
			<key>children</key>
			<array>
				<string>58C380FF1705BBE9001FF665</string>
				<string>58C381221705BBE9001FF665</string>
			</array>
			<key>isa</key>
			<string>PBXGroup</string>
			<key>name</key>
			<string>Products</string>
			<key>sourceTree</key>
			<string>&lt;group&gt;</string>
		</dict>
		<key>58C381011705BBE9001FF665</key>
		<dict>
			<key>children</key>
			<array>
				<string>58C381021705BBE9001FF665</string>
				<string>58C381231705BBE9001FF665</string>
				<string>58C381041705BBE9001FF665</string>
				<string>A502AAB8DED24878B65D96F6</string>
			</array>
			<key>isa</key>
			<string>PBXGroup</string>
			<key>name</key>
			<string>Frameworks</string>
			<key>sourceTree</key>
			<string>&lt;group&gt;</string>
		</dict>
		<key>58C381021705BBE9001FF665</key>
		<dict>
			<key>isa</key>
			<string>PBXFileReference</string>
			<key>lastKnownFileType</key>
			<string>wrapper.framework</string>
			<key>name</key>
			<string>Cocoa.framework</string>
			<key>path</key>
			<string>System/Library/Frameworks/Cocoa.framework</string>
			<key>sourceTree</key>
			<string>SDKROOT</string>
		</dict>
		<key>58C381031705BBE9001FF665</key>
		<dict>
			<key>fileRef</key>
			<string>58C381021705BBE9001FF665</string>
			<key>isa</key>
			<string>PBXBuildFile</string>
		</dict>
		<key>58C381041705BBE9001FF665</key>
		<dict>
			<key>children</key>
			<array>
				<string>58C381051705BBE9001FF665</string>
				<string>58C381061705BBE9001FF665</string>
				<string>58C381071705BBE9001FF665</string>
			</array>
			<key>isa</key>
			<string>PBXGroup</string>
			<key>name</key>
			<string>Other Frameworks</string>
			<key>sourceTree</key>
			<string>&lt;group&gt;</string>
		</dict>
		<key>58C381051705BBE9001FF665</key>
		<dict>
			<key>isa</key>
			<string>PBXFileReference</string>
			<key>lastKnownFileType</key>
			<string>wrapper.framework</string>
			<key>name</key>
			<string>AppKit.framework</string>
			<key>path</key>
			<string>System/Library/Frameworks/AppKit.framework</string>
			<key>sourceTree</key>
			<string>SDKROOT</string>
		</dict>
		<key>58C381061705BBE9001FF665</key>
		<dict>
			<key>isa</key>
			<string>PBXFileReference</string>
			<key>lastKnownFileType</key>
			<string>wrapper.framework</string>
			<key>name</key>
			<string>CoreData.framework</string>
			<key>path</key>
			<string>System/Library/Frameworks/CoreData.framework</string>
			<key>sourceTree</key>
			<string>SDKROOT</string>
		</dict>
		<key>58C381071705BBE9001FF665</key>
		<dict>
			<key>isa</key>
			<string>PBXFileReference</string>
			<key>lastKnownFileType</key>
			<string>wrapper.framework</string>
			<key>name</key>
			<string>Foundation.framework</string>
			<key>path</key>
			<string>System/Library/Frameworks/Foundation.framework</string>
			<key>sourceTree</key>
			<string>SDKROOT</string>
		</dict>
		<key>58C381081705BBE9001FF665</key>
		<dict>
			<key>children</key>
			<array>
				<string>58C381141705BBE9001FF665</string>
				<string>58C381151705BBE9001FF665</string>
				<string>58C381171705BBE9001FF665</string>
				<string>58C3811A1705BBE9001FF665</string>
				<string>58C381091705BBE9001FF665</string>
			</array>
			<key>isa</key>
			<string>PBXGroup</string>
			<key>path</key>
			<string>Ket</string>
			<key>sourceTree</key>
			<string>&lt;group&gt;</string>
		</dict>
		<key>58C381091705BBE9001FF665</key>
		<dict>
			<key>children</key>
			<array>
				<string>58C3810A1705BBE9001FF665</string>
				<string>58C3810B1705BBE9001FF665</string>
				<string>58C3810E1705BBE9001FF665</string>
				<string>58C381101705BBE9001FF665</string>
				<string>58C381111705BBE9001FF665</string>
			</array>
			<key>isa</key>
			<string>PBXGroup</string>
			<key>name</key>
			<string>Supporting Files</string>
			<key>sourceTree</key>
			<string>&lt;group&gt;</string>
		</dict>
		<key>58C3810A1705BBE9001FF665</key>
		<dict>
			<key>isa</key>
			<string>PBXFileReference</string>
			<key>lastKnownFileType</key>
			<string>text.plist.xml</string>
			<key>path</key>
			<string>Ket-Info.plist</string>
			<key>sourceTree</key>
			<string>&lt;group&gt;</string>
		</dict>
		<key>58C3810B1705BBE9001FF665</key>
		<dict>
			<key>children</key>
			<array>
				<string>58C3810C1705BBE9001FF665</string>
			</array>
			<key>isa</key>
			<string>PBXVariantGroup</string>
			<key>name</key>
			<string>InfoPlist.strings</string>
			<key>sourceTree</key>
			<string>&lt;group&gt;</string>
		</dict>
		<key>58C3810C1705BBE9001FF665</key>
		<dict>
			<key>isa</key>
			<string>PBXFileReference</string>
			<key>lastKnownFileType</key>
			<string>text.plist.strings</string>
			<key>name</key>
			<string>en</string>
			<key>path</key>
			<string>en.lproj/InfoPlist.strings</string>
			<key>sourceTree</key>
			<string>&lt;group&gt;</string>
		</dict>
		<key>58C3810D1705BBE9001FF665</key>
		<dict>
			<key>fileRef</key>
			<string>58C3810B1705BBE9001FF665</string>
			<key>isa</key>
			<string>PBXBuildFile</string>
		</dict>
		<key>58C3810E1705BBE9001FF665</key>
		<dict>
			<key>isa</key>
			<string>PBXFileReference</string>
			<key>lastKnownFileType</key>
			<string>sourcecode.c.objc</string>
			<key>path</key>
			<string>main.m</string>
			<key>sourceTree</key>
			<string>&lt;group&gt;</string>
		</dict>
		<key>58C3810F1705BBE9001FF665</key>
		<dict>
			<key>fileRef</key>
			<string>58C3810E1705BBE9001FF665</string>
			<key>isa</key>
			<string>PBXBuildFile</string>
		</dict>
		<key>58C381101705BBE9001FF665</key>
		<dict>
			<key>isa</key>
			<string>PBXFileReference</string>
			<key>lastKnownFileType</key>
			<string>sourcecode.c.h</string>
			<key>path</key>
			<string>Ket-Prefix.pch</string>
			<key>sourceTree</key>
			<string>&lt;group&gt;</string>
		</dict>
		<key>58C381111705BBE9001FF665</key>
		<dict>
			<key>children</key>
			<array>
				<string>58C381121705BBE9001FF665</string>
			</array>
			<key>isa</key>
			<string>PBXVariantGroup</string>
			<key>name</key>
			<string>Credits.rtf</string>
			<key>sourceTree</key>
			<string>&lt;group&gt;</string>
		</dict>
		<key>58C381121705BBE9001FF665</key>
		<dict>
			<key>isa</key>
			<string>PBXFileReference</string>
			<key>lastKnownFileType</key>
			<string>text.rtf</string>
			<key>name</key>
			<string>en</string>
			<key>path</key>
			<string>en.lproj/Credits.rtf</string>
			<key>sourceTree</key>
			<string>&lt;group&gt;</string>
		</dict>
		<key>58C381131705BBE9001FF665</key>
		<dict>
			<key>fileRef</key>
			<string>58C381111705BBE9001FF665</string>
			<key>isa</key>
			<string>PBXBuildFile</string>
		</dict>
		<key>58C381141705BBE9001FF665</key>
		<dict>
			<key>isa</key>
			<string>PBXFileReference</string>
			<key>lastKnownFileType</key>
			<string>sourcecode.c.h</string>
			<key>path</key>
			<string>Document.h</string>
			<key>sourceTree</key>
			<string>&lt;group&gt;</string>
		</dict>
		<key>58C381151705BBE9001FF665</key>
		<dict>
			<key>isa</key>
			<string>PBXFileReference</string>
			<key>lastKnownFileType</key>
			<string>sourcecode.c.objc</string>
			<key>path</key>
			<string>Document.m</string>
			<key>sourceTree</key>
			<string>&lt;group&gt;</string>
		</dict>
		<key>58C381161705BBE9001FF665</key>
		<dict>
			<key>fileRef</key>
			<string>58C381151705BBE9001FF665</string>
			<key>isa</key>
			<string>PBXBuildFile</string>
		</dict>
		<key>58C381171705BBE9001FF665</key>
		<dict>
			<key>children</key>
			<array>
				<string>58C381181705BBE9001FF665</string>
			</array>
			<key>isa</key>
			<string>PBXVariantGroup</string>
			<key>name</key>
			<string>Document.xib</string>
			<key>sourceTree</key>
			<string>&lt;group&gt;</string>
		</dict>
		<key>58C381181705BBE9001FF665</key>
		<dict>
			<key>isa</key>
			<string>PBXFileReference</string>
			<key>lastKnownFileType</key>
			<string>file.xib</string>
			<key>name</key>
			<string>en</string>
			<key>path</key>
			<string>en.lproj/Document.xib</string>
			<key>sourceTree</key>
			<string>&lt;group&gt;</string>
		</dict>
		<key>58C381191705BBE9001FF665</key>
		<dict>
			<key>fileRef</key>
			<string>58C381171705BBE9001FF665</string>
			<key>isa</key>
			<string>PBXBuildFile</string>
		</dict>
		<key>58C3811A1705BBE9001FF665</key>
		<dict>
			<key>children</key>
			<array>
				<string>58C3811B1705BBE9001FF665</string>
			</array>
			<key>isa</key>
			<string>PBXVariantGroup</string>
			<key>name</key>
			<string>MainMenu.xib</string>
			<key>sourceTree</key>
			<string>&lt;group&gt;</string>
		</dict>
		<key>58C3811B1705BBE9001FF665</key>
		<dict>
			<key>isa</key>
			<string>PBXFileReference</string>
			<key>lastKnownFileType</key>
			<string>file.xib</string>
			<key>name</key>
			<string>en</string>
			<key>path</key>
			<string>en.lproj/MainMenu.xib</string>
			<key>sourceTree</key>
			<string>&lt;group&gt;</string>
		</dict>
		<key>58C3811C1705BBE9001FF665</key>
		<dict>
			<key>fileRef</key>
			<string>58C3811A1705BBE9001FF665</string>
			<key>isa</key>
			<string>PBXBuildFile</string>
		</dict>
		<key>58C3811D1705BBE9001FF665</key>
		<dict>
			<key>buildActionMask</key>
			<string>2147483647</string>
			<key>files</key>
			<array>
				<string>58C381301705BBE9001FF665</string>
			</array>
			<key>isa</key>
			<string>PBXSourcesBuildPhase</string>
			<key>runOnlyForDeploymentPostprocessing</key>
			<string>0</string>
		</dict>
		<key>58C3811E1705BBE9001FF665</key>
		<dict>
			<key>buildActionMask</key>
			<string>2147483647</string>
			<key>files</key>
			<array>
				<string>58C381241705BBE9001FF665</string>
				<string>58C381251705BBE9001FF665</string>
			</array>
			<key>isa</key>
			<string>PBXFrameworksBuildPhase</string>
			<key>runOnlyForDeploymentPostprocessing</key>
			<string>0</string>
		</dict>
		<key>58C3811F1705BBE9001FF665</key>
		<dict>
			<key>buildActionMask</key>
			<string>2147483647</string>
			<key>files</key>
			<array>
				<string>58C3812D1705BBE9001FF665</string>
			</array>
			<key>isa</key>
			<string>PBXResourcesBuildPhase</string>
			<key>runOnlyForDeploymentPostprocessing</key>
			<string>0</string>
		</dict>
		<key>58C381201705BBE9001FF665</key>
		<dict>
			<key>buildActionMask</key>
			<string>2147483647</string>
			<key>files</key>
			<array/>
			<key>inputPaths</key>
			<array/>
			<key>isa</key>
			<string>PBXShellScriptBuildPhase</string>
			<key>outputPaths</key>
			<array/>
			<key>runOnlyForDeploymentPostprocessing</key>
			<string>0</string>
			<key>shellPath</key>
			<string>/bin/sh</string>
			<key>shellScript</key>
			<string># Run the unit tests in this test bundle.
"${SYSTEM_DEVELOPER_DIR}/Tools/RunUnitTests"
</string>
		</dict>
		<key>58C381211705BBE9001FF665</key>
		<dict>
			<key>buildConfigurationList</key>
			<string>58C381361705BBE9001FF665</string>
			<key>buildPhases</key>
			<array>
				<string>58C3811D1705BBE9001FF665</string>
				<string>58C3811E1705BBE9001FF665</string>
				<string>58C3811F1705BBE9001FF665</string>
				<string>58C381201705BBE9001FF665</string>
			</array>
			<key>buildRules</key>
			<array/>
			<key>dependencies</key>
			<array>
				<string>58C381271705BBE9001FF665</string>
			</array>
			<key>isa</key>
			<string>PBXNativeTarget</string>
			<key>name</key>
			<string>KetTests</string>
			<key>productName</key>
			<string>KetTests</string>
			<key>productReference</key>
			<string>58C381221705BBE9001FF665</string>
			<key>productType</key>
			<string>com.apple.product-type.bundle</string>
		</dict>
		<key>58C381221705BBE9001FF665</key>
		<dict>
			<key>explicitFileType</key>
			<string>wrapper.cfbundle</string>
			<key>includeInIndex</key>
			<string>0</string>
			<key>isa</key>
			<string>PBXFileReference</string>
			<key>path</key>
			<string>KetTests.octest</string>
			<key>sourceTree</key>
			<string>BUILT_PRODUCTS_DIR</string>
		</dict>
		<key>58C381231705BBE9001FF665</key>
		<dict>
			<key>isa</key>
			<string>PBXFileReference</string>
			<key>lastKnownFileType</key>
			<string>wrapper.framework</string>
			<key>name</key>
			<string>SenTestingKit.framework</string>
			<key>path</key>
			<string>Library/Frameworks/SenTestingKit.framework</string>
			<key>sourceTree</key>
			<string>DEVELOPER_DIR</string>
		</dict>
		<key>58C381241705BBE9001FF665</key>
		<dict>
			<key>fileRef</key>
			<string>58C381231705BBE9001FF665</string>
			<key>isa</key>
			<string>PBXBuildFile</string>
		</dict>
		<key>58C381251705BBE9001FF665</key>
		<dict>
			<key>fileRef</key>
			<string>58C381021705BBE9001FF665</string>
			<key>isa</key>
			<string>PBXBuildFile</string>
		</dict>
		<key>58C381261705BBE9001FF665</key>
		<dict>
			<key>containerPortal</key>
			<string>58C380F71705BBE9001FF665</string>
			<key>isa</key>
			<string>PBXContainerItemProxy</string>
			<key>proxyType</key>
			<string>1</string>
			<key>remoteGlobalIDString</key>
			<string>58C380FE1705BBE9001FF665</string>
			<key>remoteInfo</key>
			<string>Ket</string>
		</dict>
		<key>58C381271705BBE9001FF665</key>
		<dict>
			<key>isa</key>
			<string>PBXTargetDependency</string>
			<key>target</key>
			<string>58C380FE1705BBE9001FF665</string>
			<key>targetProxy</key>
			<string>58C381261705BBE9001FF665</string>
		</dict>
		<key>58C381281705BBE9001FF665</key>
		<dict>
			<key>children</key>
			<array>
				<string>58C3812E1705BBE9001FF665</string>
				<string>58C3812F1705BBE9001FF665</string>
				<string>58C381291705BBE9001FF665</string>
			</array>
			<key>isa</key>
			<string>PBXGroup</string>
			<key>path</key>
			<string>KetTests</string>
			<key>sourceTree</key>
			<string>&lt;group&gt;</string>
		</dict>
		<key>58C381291705BBE9001FF665</key>
		<dict>
			<key>children</key>
			<array>
				<string>58C3812A1705BBE9001FF665</string>
				<string>58C3812B1705BBE9001FF665</string>
			</array>
			<key>isa</key>
			<string>PBXGroup</string>
			<key>name</key>
			<string>Supporting Files</string>
			<key>sourceTree</key>
			<string>&lt;group&gt;</string>
		</dict>
		<key>58C3812A1705BBE9001FF665</key>
		<dict>
			<key>isa</key>
			<string>PBXFileReference</string>
			<key>lastKnownFileType</key>
			<string>text.plist.xml</string>
			<key>path</key>
			<string>KetTests-Info.plist</string>
			<key>sourceTree</key>
			<string>&lt;group&gt;</string>
		</dict>
		<key>58C3812B1705BBE9001FF665</key>
		<dict>
			<key>children</key>
			<array>
				<string>58C3812C1705BBE9001FF665</string>
			</array>
			<key>isa</key>
			<string>PBXVariantGroup</string>
			<key>name</key>
			<string>InfoPlist.strings</string>
			<key>sourceTree</key>
			<string>&lt;group&gt;</string>
		</dict>
		<key>58C3812C1705BBE9001FF665</key>
		<dict>
			<key>isa</key>
			<string>PBXFileReference</string>
			<key>lastKnownFileType</key>
			<string>text.plist.strings</string>
			<key>name</key>
			<string>en</string>
			<key>path</key>
			<string>en.lproj/InfoPlist.strings</string>
			<key>sourceTree</key>
			<string>&lt;group&gt;</string>
		</dict>
		<key>58C3812D1705BBE9001FF665</key>
		<dict>
			<key>fileRef</key>
			<string>58C3812B1705BBE9001FF665</string>
			<key>isa</key>
			<string>PBXBuildFile</string>
		</dict>
		<key>58C3812E1705BBE9001FF665</key>
		<dict>
			<key>isa</key>
			<string>PBXFileReference</string>
			<key>lastKnownFileType</key>
			<string>sourcecode.c.h</string>
			<key>path</key>
			<string>KetTests.h</string>
			<key>sourceTree</key>
			<string>&lt;group&gt;</string>
		</dict>
		<key>58C3812F1705BBE9001FF665</key>
		<dict>
			<key>isa</key>
			<string>PBXFileReference</string>
			<key>lastKnownFileType</key>
			<string>sourcecode.c.objc</string>
			<key>path</key>
			<string>KetTests.m</string>
			<key>sourceTree</key>
			<string>&lt;group&gt;</string>
		</dict>
		<key>58C381301705BBE9001FF665</key>
		<dict>
			<key>fileRef</key>
			<string>58C3812F1705BBE9001FF665</string>
			<key>isa</key>
			<string>PBXBuildFile</string>
		</dict>
		<key>58C381311705BBE9001FF665</key>
		<dict>
			<key>buildSettings</key>
			<dict>
				<key>ALWAYS_SEARCH_USER_PATHS</key>
				<string>NO</string>
				<key>ARCHS</key>
				<string>$(ARCHS_STANDARD_64_BIT)</string>
				<key>CLANG_CXX_LANGUAGE_STANDARD</key>
				<string>gnu++0x</string>
				<key>CLANG_CXX_LIBRARY</key>
				<string>libc++</string>
				<key>CLANG_ENABLE_OBJC_ARC</key>
				<string>YES</string>
				<key>CLANG_WARN_CONSTANT_CONVERSION</key>
				<string>YES</string>
				<key>CLANG_WARN_EMPTY_BODY</key>
				<string>YES</string>
				<key>CLANG_WARN_ENUM_CONVERSION</key>
				<string>YES</string>
				<key>CLANG_WARN_INT_CONVERSION</key>
				<string>YES</string>
				<key>CLANG_WARN__DUPLICATE_METHOD_MATCH</key>
				<string>YES</string>
				<key>COPY_PHASE_STRIP</key>
				<string>NO</string>
				<key>GCC_C_LANGUAGE_STANDARD</key>
				<string>gnu99</string>
				<key>GCC_DYNAMIC_NO_PIC</key>
				<string>NO</string>
				<key>GCC_ENABLE_OBJC_EXCEPTIONS</key>
				<string>YES</string>
				<key>GCC_OPTIMIZATION_LEVEL</key>
				<string>0</string>
				<key>GCC_PREPROCESSOR_DEFINITIONS</key>
				<array>
					<string>DEBUG=1</string>
					<string>$(inherited)</string>
				</array>
				<key>GCC_SYMBOLS_PRIVATE_EXTERN</key>
				<string>NO</string>
				<key>GCC_WARN_64_TO_32_BIT_CONVERSION</key>
				<string>YES</string>
				<key>GCC_WARN_ABOUT_RETURN_TYPE</key>
				<string>YES</string>
				<key>GCC_WARN_UNINITIALIZED_AUTOS</key>
				<string>YES</string>
				<key>GCC_WARN_UNUSED_VARIABLE</key>
				<string>YES</string>
				<key>MACOSX_DEPLOYMENT_TARGET</key>
				<string>10.8</string>
				<key>ONLY_ACTIVE_ARCH</key>
				<string>YES</string>
				<key>SDKROOT</key>
				<string>macosx</string>
			</dict>
			<key>isa</key>
			<string>XCBuildConfiguration</string>
			<key>name</key>
			<string>Debug</string>
		</dict>
		<key>58C381321705BBE9001FF665</key>
		<dict>
			<key>buildSettings</key>
			<dict>
				<key>ALWAYS_SEARCH_USER_PATHS</key>
				<string>NO</string>
				<key>ARCHS</key>
				<string>$(ARCHS_STANDARD_64_BIT)</string>
				<key>CLANG_CXX_LANGUAGE_STANDARD</key>
				<string>gnu++0x</string>
				<key>CLANG_CXX_LIBRARY</key>
				<string>libc++</string>
				<key>CLANG_ENABLE_OBJC_ARC</key>
				<string>YES</string>
				<key>CLANG_WARN_CONSTANT_CONVERSION</key>
				<string>YES</string>
				<key>CLANG_WARN_EMPTY_BODY</key>
				<string>YES</string>
				<key>CLANG_WARN_ENUM_CONVERSION</key>
				<string>YES</string>
				<key>CLANG_WARN_INT_CONVERSION</key>
				<string>YES</string>
				<key>CLANG_WARN__DUPLICATE_METHOD_MATCH</key>
				<string>YES</string>
				<key>COPY_PHASE_STRIP</key>
				<string>YES</string>
				<key>DEBUG_INFORMATION_FORMAT</key>
				<string>dwarf-with-dsym</string>
				<key>GCC_C_LANGUAGE_STANDARD</key>
				<string>gnu99</string>
				<key>GCC_ENABLE_OBJC_EXCEPTIONS</key>
				<string>YES</string>
				<key>GCC_WARN_64_TO_32_BIT_CONVERSION</key>
				<string>YES</string>
				<key>GCC_WARN_ABOUT_RETURN_TYPE</key>
				<string>YES</string>
				<key>GCC_WARN_UNINITIALIZED_AUTOS</key>
				<string>YES</string>
				<key>GCC_WARN_UNUSED_VARIABLE</key>
				<string>YES</string>
				<key>MACOSX_DEPLOYMENT_TARGET</key>
				<string>10.8</string>
				<key>SDKROOT</key>
				<string>macosx</string>
			</dict>
			<key>isa</key>
			<string>XCBuildConfiguration</string>
			<key>name</key>
			<string>Release</string>
		</dict>
		<key>58C381331705BBE9001FF665</key>
		<dict>
			<key>buildConfigurations</key>
			<array>
				<string>58C381341705BBE9001FF665</string>
				<string>58C381351705BBE9001FF665</string>
			</array>
			<key>defaultConfigurationIsVisible</key>
			<string>0</string>
			<key>isa</key>
			<string>XCConfigurationList</string>
		</dict>
		<key>58C381341705BBE9001FF665</key>
		<dict>
			<key>baseConfigurationReference</key>
			<string>0D255A44D37B47C1AD9EB543</string>
			<key>buildSettings</key>
			<dict>
				<key>COMBINE_HIDPI_IMAGES</key>
				<string>YES</string>
				<key>GCC_PRECOMPILE_PREFIX_HEADER</key>
				<string>YES</string>
				<key>GCC_PREFIX_HEADER</key>
				<string>Ket/Ket-Prefix.pch</string>
				<key>INFOPLIST_FILE</key>
				<string>Ket/Ket-Info.plist</string>
				<key>PRODUCT_NAME</key>
				<string>$(TARGET_NAME)</string>
				<key>WRAPPER_EXTENSION</key>
				<string>app</string>
			</dict>
			<key>isa</key>
			<string>XCBuildConfiguration</string>
			<key>name</key>
			<string>Debug</string>
		</dict>
		<key>58C381351705BBE9001FF665</key>
		<dict>
			<key>baseConfigurationReference</key>
			<string>0D255A44D37B47C1AD9EB543</string>
			<key>buildSettings</key>
			<dict>
				<key>COMBINE_HIDPI_IMAGES</key>
				<string>YES</string>
				<key>GCC_PRECOMPILE_PREFIX_HEADER</key>
				<string>YES</string>
				<key>GCC_PREFIX_HEADER</key>
				<string>Ket/Ket-Prefix.pch</string>
				<key>INFOPLIST_FILE</key>
				<string>Ket/Ket-Info.plist</string>
				<key>PRODUCT_NAME</key>
				<string>$(TARGET_NAME)</string>
				<key>WRAPPER_EXTENSION</key>
				<string>app</string>
			</dict>
			<key>isa</key>
			<string>XCBuildConfiguration</string>
			<key>name</key>
			<string>Release</string>
		</dict>
		<key>58C381361705BBE9001FF665</key>
		<dict>
			<key>buildConfigurations</key>
			<array>
				<string>58C381371705BBE9001FF665</string>
				<string>58C381381705BBE9001FF665</string>
			</array>
			<key>defaultConfigurationIsVisible</key>
			<string>0</string>
			<key>isa</key>
			<string>XCConfigurationList</string>
		</dict>
		<key>58C381371705BBE9001FF665</key>
		<dict>
			<key>buildSettings</key>
			<dict>
				<key>BUNDLE_LOADER</key>
				<string>$(BUILT_PRODUCTS_DIR)/Ket.app/Contents/MacOS/Ket</string>
				<key>COMBINE_HIDPI_IMAGES</key>
				<string>YES</string>
				<key>FRAMEWORK_SEARCH_PATHS</key>
				<string>"$(DEVELOPER_LIBRARY_DIR)/Frameworks"</string>
				<key>GCC_PRECOMPILE_PREFIX_HEADER</key>
				<string>YES</string>
				<key>GCC_PREFIX_HEADER</key>
				<string>Ket/Ket-Prefix.pch</string>
				<key>INFOPLIST_FILE</key>
				<string>KetTests/KetTests-Info.plist</string>
				<key>PRODUCT_NAME</key>
				<string>$(TARGET_NAME)</string>
				<key>TEST_HOST</key>
				<string>$(BUNDLE_LOADER)</string>
				<key>WRAPPER_EXTENSION</key>
				<string>octest</string>
			</dict>
			<key>isa</key>
			<string>XCBuildConfiguration</string>
			<key>name</key>
			<string>Debug</string>
		</dict>
		<key>58C381381705BBE9001FF665</key>
		<dict>
			<key>buildSettings</key>
			<dict>
				<key>BUNDLE_LOADER</key>
				<string>$(BUILT_PRODUCTS_DIR)/Ket.app/Contents/MacOS/Ket</string>
				<key>COMBINE_HIDPI_IMAGES</key>
				<string>YES</string>
				<key>FRAMEWORK_SEARCH_PATHS</key>
				<string>"$(DEVELOPER_LIBRARY_DIR)/Frameworks"</string>
				<key>GCC_PRECOMPILE_PREFIX_HEADER</key>
				<string>YES</string>
				<key>GCC_PREFIX_HEADER</key>
				<string>Ket/Ket-Prefix.pch</string>
				<key>INFOPLIST_FILE</key>
				<string>KetTests/KetTests-Info.plist</string>
				<key>PRODUCT_NAME</key>
				<string>$(TARGET_NAME)</string>
				<key>TEST_HOST</key>
				<string>$(BUNDLE_LOADER)</string>
				<key>WRAPPER_EXTENSION</key>
				<string>octest</string>
			</dict>
			<key>isa</key>
			<string>XCBuildConfiguration</string>
			<key>name</key>
			<string>Release</string>
		</dict>
		<key>A502AAB8DED24878B65D96F6</key>
		<dict>
			<key>explicitFileType</key>
			<string>archive.ar</string>
			<key>includeInIndex</key>
			<string>0</string>
			<key>isa</key>
			<string>PBXFileReference</string>
			<key>name</key>
			<string>libPods.a</string>
			<key>path</key>
			<string>libPods.a</string>
			<key>sourceTree</key>
			<string>BUILT_PRODUCTS_DIR</string>
		</dict>
		<key>B4555F2754AD441394AF843F</key>
		<dict>
			<key>fileRef</key>
			<string>A502AAB8DED24878B65D96F6</string>
			<key>isa</key>
			<string>PBXBuildFile</string>
			<key>settings</key>
			<dict/>
		</dict>
	</dict>
	<key>rootObject</key>
	<string>58C380F71705BBE9001FF665</string>
</dict>
</plist>
